
Microsoft Visual Studio Solution File, Format Version 12.00
# Visual Studio Version 17
VisualStudioVersion = 17.2.32505.173
MinimumVisualStudioVersion = 10.0.40219.1
Project("{9A19103F-16F7-4668-BE54-9A1E7A4F7556}") = "Storage", "Storage\Storage.csproj", "{5B13AA8B-5B77-40C7-A4F0-9A575170852B}"
EndProject
Project("{2150E333-8FDC-42A3-9474-1A3956D46DE8}") = "Solution Items", "Solution Items", "{11F40389-3877-43F9-946E-B633317DF9EE}"
	ProjectSection(SolutionItems) = preProject
		.editorconfig = .editorconfig
	EndProjectSection
EndProject
Global
	GlobalSection(SolutionConfigurationPlatforms) = preSolution
		Debug|Any CPU = Debug|Any CPU
		Release|Any CPU = Release|Any CPU
	EndGlobalSection
	GlobalSection(ProjectConfigurationPlatforms) = postSolution
		{5B13AA8B-5B77-40C7-A4F0-9A575170852B}.Debug|Any CPU.ActiveCfg = Debug|Any CPU
		{5B13AA8B-5B77-40C7-A4F0-9A575170852B}.Debug|Any CPU.Build.0 = Debug|Any CPU
		{5B13AA8B-5B77-40C7-A4F0-9A575170852B}.Release|Any CPU.ActiveCfg = Release|Any CPU
		{5B13AA8B-5B77-40C7-A4F0-9A575170852B}.Release|Any CPU.Build.0 = Release|Any CPU
	EndGlobalSection
	GlobalSection(SolutionProperties) = preSolution
		HideSolutionNode = FALSE
	EndGlobalSection
	GlobalSection(ExtensibilityGlobals) = postSolution
		SolutionGuid = {CF28B0A7-A987-4055-8A90-FB07D57CDBB5}
	EndGlobalSection
EndGlobal
